
Microsoft Visual Studio Solution File, Format Version 12.00
# Visual Studio 2013
VisualStudioVersion = 12.0.21005.1
MinimumVisualStudioVersion = 10.0.40219.1
Project("{FAE04EC0-301F-11D3-BF4B-00C04F79EFBC}") = "Bai1", "Bai1\Bai1.csproj", "{84B0694E-AD7B-4E4B-AFF4-393A8C780CE5}"
EndProject
Project("{FAE04EC0-301F-11D3-BF4B-00C04F79EFBC}") = "Bai2", "Bai2\Bai2.csproj", "{445DB8D2-E5EB-4EB8-81AB-17A3930A6617}"
EndProject
Project("{FAE04EC0-301F-11D3-BF4B-00C04F79EFBC}") = "Bai3", "Bai3\Bai3.csproj", "{7CCB7D24-7540-424E-A030-A92C86616020}"
EndProject
Project("{FAE04EC0-301F-11D3-BF4B-00C04F79EFBC}") = "Bai4", "Bai4\Bai4.csproj", "{1C76A96C-A761-4E30-9494-82C10AF8D342}"
EndProject
Global
	GlobalSection(SolutionConfigurationPlatforms) = preSolution
		Debug|Any CPU = Debug|Any CPU
		Release|Any CPU = Release|Any CPU
	EndGlobalSection
	GlobalSection(ProjectConfigurationPlatforms) = postSolution
		{84B0694E-AD7B-4E4B-AFF4-393A8C780CE5}.Debug|Any CPU.ActiveCfg = Debug|Any CPU
		{84B0694E-AD7B-4E4B-AFF4-393A8C780CE5}.Debug|Any CPU.Build.0 = Debug|Any CPU
		{84B0694E-AD7B-4E4B-AFF4-393A8C780CE5}.Release|Any CPU.ActiveCfg = Release|Any CPU
		{84B0694E-AD7B-4E4B-AFF4-393A8C780CE5}.Release|Any CPU.Build.0 = Release|Any CPU
		{445DB8D2-E5EB-4EB8-81AB-17A3930A6617}.Debug|Any CPU.ActiveCfg = Debug|Any CPU
		{445DB8D2-E5EB-4EB8-81AB-17A3930A6617}.Debug|Any CPU.Build.0 = Debug|Any CPU
		{445DB8D2-E5EB-4EB8-81AB-17A3930A6617}.Release|Any CPU.ActiveCfg = Release|Any CPU
		{445DB8D2-E5EB-4EB8-81AB-17A3930A6617}.Release|Any CPU.Build.0 = Release|Any CPU
		{7CCB7D24-7540-424E-A030-A92C86616020}.Debug|Any CPU.ActiveCfg = Debug|Any CPU
		{7CCB7D24-7540-424E-A030-A92C86616020}.Debug|Any CPU.Build.0 = Debug|Any CPU
		{7CCB7D24-7540-424E-A030-A92C86616020}.Release|Any CPU.ActiveCfg = Release|Any CPU
		{7CCB7D24-7540-424E-A030-A92C86616020}.Release|Any CPU.Build.0 = Release|Any CPU
		{1C76A96C-A761-4E30-9494-82C10AF8D342}.Debug|Any CPU.ActiveCfg = Debug|Any CPU
		{1C76A96C-A761-4E30-9494-82C10AF8D342}.Debug|Any CPU.Build.0 = Debug|Any CPU
		{1C76A96C-A761-4E30-9494-82C10AF8D342}.Release|Any CPU.ActiveCfg = Release|Any CPU
		{1C76A96C-A761-4E30-9494-82C10AF8D342}.Release|Any CPU.Build.0 = Release|Any CPU
	EndGlobalSection
	GlobalSection(SolutionProperties) = preSolution
		HideSolutionNode = FALSE
	EndGlobalSection
EndGlobal
